
Microsoft Visual Studio Solution File, Format Version 12.00
# Visual Studio 15
VisualStudioVersion = 15.0.28307.168
MinimumVisualStudioVersion = 10.0.40219.1
Project("{FAE04EC0-301F-11D3-BF4B-00C04F79EFBC}") = "3Dgraphics", "3Dgraphics\3Dgraphics.csproj", "{C00F8628-17C5-45B3-9958-1DEF6F739562}"
EndProject
Global
	GlobalSection(SolutionConfigurationPlatforms) = preSolution
		Debug|Any CPU = Debug|Any CPU
		Release|Any CPU = Release|Any CPU
	EndGlobalSection
	GlobalSection(ProjectConfigurationPlatforms) = postSolution
		{C00F8628-17C5-45B3-9958-1DEF6F739562}.Debug|Any CPU.ActiveCfg = Debug|Any CPU
		{C00F8628-17C5-45B3-9958-1DEF6F739562}.Debug|Any CPU.Build.0 = Debug|Any CPU
		{C00F8628-17C5-45B3-9958-1DEF6F739562}.Release|Any CPU.ActiveCfg = Release|Any CPU
		{C00F8628-17C5-45B3-9958-1DEF6F739562}.Release|Any CPU.Build.0 = Release|Any CPU
	EndGlobalSection
	GlobalSection(SolutionProperties) = preSolution
		HideSolutionNode = FALSE
	EndGlobalSection
	GlobalSection(ExtensibilityGlobals) = postSolution
		SolutionGuid = {96D1B82D-B080-48DD-BAD4-31A4171E8CC9}
	EndGlobalSection
EndGlobal
